
Microsoft Visual Studio Solution File, Format Version 12.00
# Visual Studio Version 17
VisualStudioVersion = 17.6.33712.159
MinimumVisualStudioVersion = 10.0.40219.1
Project("{9A19103F-16F7-4668-BE54-9A1E7A4F7556}") = "ControleTarefas", "ControleTarefas\ControleTarefas.csproj", "{6DA6745C-7F0F-47C2-A193-72343B12FC0E}"
EndProject
Global
	GlobalSection(SolutionConfigurationPlatforms) = preSolution
		Debug|Any CPU = Debug|Any CPU
		Release|Any CPU = Release|Any CPU
	EndGlobalSection
	GlobalSection(ProjectConfigurationPlatforms) = postSolution
		{6DA6745C-7F0F-47C2-A193-72343B12FC0E}.Debug|Any CPU.ActiveCfg = Debug|Any CPU
		{6DA6745C-7F0F-47C2-A193-72343B12FC0E}.Debug|Any CPU.Build.0 = Debug|Any CPU
		{6DA6745C-7F0F-47C2-A193-72343B12FC0E}.Release|Any CPU.ActiveCfg = Release|Any CPU
		{6DA6745C-7F0F-47C2-A193-72343B12FC0E}.Release|Any CPU.Build.0 = Release|Any CPU
	EndGlobalSection
	GlobalSection(SolutionProperties) = preSolution
		HideSolutionNode = FALSE
	EndGlobalSection
	GlobalSection(ExtensibilityGlobals) = postSolution
		SolutionGuid = {66FB12D1-A6A0-4AEA-84B2-E5373515C810}
	EndGlobalSection
EndGlobal
